
Microsoft Visual Studio Solution File, Format Version 12.00
# Visual Studio Version 17
VisualStudioVersion = 17.1.32210.238
MinimumVisualStudioVersion = 10.0.40219.1
Project("{2150E333-8FDC-42A3-9474-1A3956D46DE8}") = "Services", "Services", "{7FF15066-2A24-4AAA-A3EF-BE0BE565CA1A}"
EndProject
Project("{2150E333-8FDC-42A3-9474-1A3956D46DE8}") = "Catalog", "Catalog", "{05F1A713-2318-4ABB-B4BA-378FDD2D9A03}"
EndProject
Project("{FAE04EC0-301F-11D3-BF4B-00C04F79EFBC}") = "Catalog.API", "Services\Catalog\Catalog.API\Catalog.API.csproj", "{68DD9513-A32A-4F21-B623-F207037F03F5}"
EndProject
Project("{E53339B2-1760-4266-BCC7-CA923CBCF16C}") = "docker-compose", "docker-compose.dcproj", "{92E18792-7702-48A0-9E38-26A536E5CC81}"
EndProject
Global
	GlobalSection(SolutionConfigurationPlatforms) = preSolution
		Debug|Any CPU = Debug|Any CPU
		Release|Any CPU = Release|Any CPU
	EndGlobalSection
	GlobalSection(ProjectConfigurationPlatforms) = postSolution
		{68DD9513-A32A-4F21-B623-F207037F03F5}.Debug|Any CPU.ActiveCfg = Debug|Any CPU
		{68DD9513-A32A-4F21-B623-F207037F03F5}.Debug|Any CPU.Build.0 = Debug|Any CPU
		{68DD9513-A32A-4F21-B623-F207037F03F5}.Release|Any CPU.ActiveCfg = Release|Any CPU
		{68DD9513-A32A-4F21-B623-F207037F03F5}.Release|Any CPU.Build.0 = Release|Any CPU
		{92E18792-7702-48A0-9E38-26A536E5CC81}.Debug|Any CPU.ActiveCfg = Debug|Any CPU
		{92E18792-7702-48A0-9E38-26A536E5CC81}.Debug|Any CPU.Build.0 = Debug|Any CPU
		{92E18792-7702-48A0-9E38-26A536E5CC81}.Release|Any CPU.ActiveCfg = Release|Any CPU
		{92E18792-7702-48A0-9E38-26A536E5CC81}.Release|Any CPU.Build.0 = Release|Any CPU
	EndGlobalSection
	GlobalSection(SolutionProperties) = preSolution
		HideSolutionNode = FALSE
	EndGlobalSection
	GlobalSection(NestedProjects) = preSolution
		{05F1A713-2318-4ABB-B4BA-378FDD2D9A03} = {7FF15066-2A24-4AAA-A3EF-BE0BE565CA1A}
		{68DD9513-A32A-4F21-B623-F207037F03F5} = {05F1A713-2318-4ABB-B4BA-378FDD2D9A03}
	EndGlobalSection
	GlobalSection(ExtensibilityGlobals) = postSolution
		SolutionGuid = {56EE7757-0BE0-4F4E-8EFD-876161C671DB}
	EndGlobalSection
EndGlobal
